
Microsoft Visual Studio Solution File, Format Version 12.00
# Visual Studio Version 17
VisualStudioVersion = 17.6.33801.468
MinimumVisualStudioVersion = 10.0.40219.1
Project("{FAE04EC0-301F-11D3-BF4B-00C04F79EFBC}") = "employee-register-api", "employee-register-api\employee-register-api.csproj", "{290C032A-6D2D-46F2-ABA2-6DF61E1A7533}"
EndProject
Global
	GlobalSection(SolutionConfigurationPlatforms) = preSolution
		Debug|Any CPU = Debug|Any CPU
		Release|Any CPU = Release|Any CPU
	EndGlobalSection
	GlobalSection(ProjectConfigurationPlatforms) = postSolution
		{290C032A-6D2D-46F2-ABA2-6DF61E1A7533}.Debug|Any CPU.ActiveCfg = Debug|Any CPU
		{290C032A-6D2D-46F2-ABA2-6DF61E1A7533}.Debug|Any CPU.Build.0 = Debug|Any CPU
		{290C032A-6D2D-46F2-ABA2-6DF61E1A7533}.Release|Any CPU.ActiveCfg = Release|Any CPU
		{290C032A-6D2D-46F2-ABA2-6DF61E1A7533}.Release|Any CPU.Build.0 = Release|Any CPU
	EndGlobalSection
	GlobalSection(SolutionProperties) = preSolution
		HideSolutionNode = FALSE
	EndGlobalSection
	GlobalSection(ExtensibilityGlobals) = postSolution
		SolutionGuid = {34DD04A6-0604-4144-AB2B-08AC7DE2218A}
	EndGlobalSection
EndGlobal
